// !$*UTF8*$!
{
	archiveVersion = 1;
	classes = {
	};
	objectVersion = 56;
	objects = {

/* Begin PBXBuildFile section */
		790621D02B4439B700D50F45 /* AppDelegate.swift in Sources */ = {isa = PBXBuildFile; fileRef = 790621CF2B4439B700D50F45 /* AppDelegate.swift */; };
		790621D22B4439B700D50F45 /* SceneDelegate.swift in Sources */ = {isa = PBXBuildFile; fileRef = 790621D12B4439B700D50F45 /* SceneDelegate.swift */; };
		790621D42B4439B700D50F45 /* ViewController.swift in Sources */ = {isa = PBXBuildFile; fileRef = 790621D32B4439B700D50F45 /* ViewController.swift */; };
		790621D72B4439B700D50F45 /* Main.storyboard in Resources */ = {isa = PBXBuildFile; fileRef = 790621D52B4439B700D50F45 /* Main.storyboard */; };
		790621D92B4439B800D50F45 /* Assets.xcassets in Resources */ = {isa = PBXBuildFile; fileRef = 790621D82B4439B800D50F45 /* Assets.xcassets */; };
		790621DC2B4439B800D50F45 /* LaunchScreen.storyboard in Resources */ = {isa = PBXBuildFile; fileRef = 790621DA2B4439B800D50F45 /* LaunchScreen.storyboard */; };
		7C8D8584C006957BDD3EB4C4 /* Pods_whatseason.framework in Frameworks */ = {isa = PBXBuildFile; fileRef = 499F98590EB53F4954B9836A /* Pods_whatseason.framework */; };
/* End PBXBuildFile section */

/* Begin PBXFileReference section */
		499F98590EB53F4954B9836A /* Pods_whatseason.framework */ = {isa = PBXFileReference; explicitFileType = wrapper.framework; includeInIndex = 0; path = Pods_whatseason.framework; sourceTree = BUILT_PRODUCTS_DIR; };
		790621CC2B4439B700D50F45 /* whatseason.app */ = {isa = PBXFileReference; explicitFileType = wrapper.application; includeInIndex = 0; path = whatseason.app; sourceTree = BUILT_PRODUCTS_DIR; };
		790621CF2B4439B700D50F45 /* AppDelegate.swift */ = {isa = PBXFileReference; lastKnownFileType = sourcecode.swift; path = AppDelegate.swift; sourceTree = "<group>"; };
		790621D12B4439B700D50F45 /* SceneDelegate.swift */ = {isa = PBXFileReference; lastKnownFileType = sourcecode.swift; path = SceneDelegate.swift; sourceTree = "<group>"; };
		790621D32B4439B700D50F45 /* ViewController.swift */ = {isa = PBXFileReference; lastKnownFileType = sourcecode.swift; path = ViewController.swift; sourceTree = "<group>"; };
		790621D62B4439B700D50F45 /* Base */ = {isa = PBXFileReference; lastKnownFileType = file.storyboard; name = Base; path = Base.lproj/Main.storyboard; sourceTree = "<group>"; };
		790621D82B4439B800D50F45 /* Assets.xcassets */ = {isa = PBXFileReference; lastKnownFileType = folder.assetcatalog; path = Assets.xcassets; sourceTree = "<group>"; };
		790621DB2B4439B800D50F45 /* Base */ = {isa = PBXFileReference; lastKnownFileType = file.storyboard; name = Base; path = Base.lproj/LaunchScreen.storyboard; sourceTree = "<group>"; };
		790621DD2B4439B800D50F45 /* Info.plist */ = {isa = PBXFileReference; lastKnownFileType = text.plist.xml; path = Info.plist; sourceTree = "<group>"; };
		79267CAD2B444170001BFF15 /* whatseason.entitlements */ = {isa = PBXFileReference; lastKnownFileType = text.plist.entitlements; path = whatseason.entitlements; sourceTree = "<group>"; };
		85449F098A689BBE4C404056 /* Pods-whatseason.release.xcconfig */ = {isa = PBXFileReference; includeInIndex = 1; lastKnownFileType = text.xcconfig; name = "Pods-whatseason.release.xcconfig"; path = "Target Support Files/Pods-whatseason/Pods-whatseason.release.xcconfig"; sourceTree = "<group>"; };
		A43DBB45C237A1658A8B969A /* Pods-whatseason.debug.xcconfig */ = {isa = PBXFileReference; includeInIndex = 1; lastKnownFileType = text.xcconfig; name = "Pods-whatseason.debug.xcconfig"; path = "Target Support Files/Pods-whatseason/Pods-whatseason.debug.xcconfig"; sourceTree = "<group>"; };
/* End PBXFileReference section */

/* Begin PBXFrameworksBuildPhase section */
		790621C92B4439B700D50F45 /* Frameworks */ = {
			isa = PBXFrameworksBuildPhase;
			buildActionMask = 2147483647;
			files = (
				7C8D8584C006957BDD3EB4C4 /* Pods_whatseason.framework in Frameworks */,
			);
			runOnlyForDeploymentPostprocessing = 0;
		};
/* End PBXFrameworksBuildPhase section */

/* Begin PBXGroup section */
		193F17C82EF89770B78F068B /* Pods */ = {
			isa = PBXGroup;
			children = (
				A43DBB45C237A1658A8B969A /* Pods-whatseason.debug.xcconfig */,
				85449F098A689BBE4C404056 /* Pods-whatseason.release.xcconfig */,
			);
			path = Pods;
			sourceTree = "<group>";
		};
		790621C32B4439B700D50F45 = {
			isa = PBXGroup;
			children = (
				790621CE2B4439B700D50F45 /* whatseason */,
				790621CD2B4439B700D50F45 /* Products */,
				193F17C82EF89770B78F068B /* Pods */,
				85D0BBBFD7D8312D1E23B339 /* Frameworks */,
			);
			sourceTree = "<group>";
		};
		790621CD2B4439B700D50F45 /* Products */ = {
			isa = PBXGroup;
			children = (
				790621CC2B4439B700D50F45 /* whatseason.app */,
			);
			name = Products;
			sourceTree = "<group>";
		};
		790621CE2B4439B700D50F45 /* whatseason */ = {
			isa = PBXGroup;
			children = (
				79267CAD2B444170001BFF15 /* whatseason.entitlements */,
				790621CF2B4439B700D50F45 /* AppDelegate.swift */,
				790621D12B4439B700D50F45 /* SceneDelegate.swift */,
				790621D32B4439B700D50F45 /* ViewController.swift */,
				790621D52B4439B700D50F45 /* Main.storyboard */,
				790621D82B4439B800D50F45 /* Assets.xcassets */,
				790621DA2B4439B800D50F45 /* LaunchScreen.storyboard */,
				790621DD2B4439B800D50F45 /* Info.plist */,
			);
			path = whatseason;
			sourceTree = "<group>";
		};
		85D0BBBFD7D8312D1E23B339 /* Frameworks */ = {
			isa = PBXGroup;
			children = (
				499F98590EB53F4954B9836A /* Pods_whatseason.framework */,
			);
			name = Frameworks;
			sourceTree = "<group>";
		};
/* End PBXGroup section */

/* Begin PBXNativeTarget section */
		790621CB2B4439B700D50F45 /* whatseason */ = {
			isa = PBXNativeTarget;
			buildConfigurationList = 790621E02B4439B800D50F45 /* Build configuration list for PBXNativeTarget "whatseason" */;
			buildPhases = (
				D1C2B6F4A00988607507673A /* [CP] Check Pods Manifest.lock */,
				790621C82B4439B700D50F45 /* Sources */,
				790621C92B4439B700D50F45 /* Frameworks */,
				790621CA2B4439B700D50F45 /* Resources */,
				A2AF4D8C11247D003B0761D9 /* [CP] Embed Pods Frameworks */,
			);
			buildRules = (
			);
			dependencies = (
			);
			name = whatseason;
			productName = whatseason;
			productReference = 790621CC2B4439B700D50F45 /* whatseason.app */;
			productType = "com.apple.product-type.application";
		};
/* End PBXNativeTarget section */

/* Begin PBXProject section */
		790621C42B4439B700D50F45 /* Project object */ = {
			isa = PBXProject;
			attributes = {
				BuildIndependentTargetsInParallel = 1;
				LastSwiftUpdateCheck = 1510;
				LastUpgradeCheck = 1510;
				TargetAttributes = {
					790621CB2B4439B700D50F45 = {
						CreatedOnToolsVersion = 15.1;
					};
				};
			};
			buildConfigurationList = 790621C72B4439B700D50F45 /* Build configuration list for PBXProject "whatseason" */;
			compatibilityVersion = "Xcode 14.0";
			developmentRegion = en;
			hasScannedForEncodings = 0;
			knownRegions = (
				en,
				Base,
			);
			mainGroup = 790621C32B4439B700D50F45;
			productRefGroup = 790621CD2B4439B700D50F45 /* Products */;
			projectDirPath = "";
			projectRoot = "";
			targets = (
				790621CB2B4439B700D50F45 /* whatseason */,
			);
		};
/* End PBXProject section */

/* Begin PBXResourcesBuildPhase section */
		790621CA2B4439B700D50F45 /* Resources */ = {
			isa = PBXResourcesBuildPhase;
			buildActionMask = 2147483647;
			files = (
				790621DC2B4439B800D50F45 /* LaunchScreen.storyboard in Resources */,
				790621D92B4439B800D50F45 /* Assets.xcassets in Resources */,
				790621D72B4439B700D50F45 /* Main.storyboard in Resources */,
			);
			runOnlyForDeploymentPostprocessing = 0;
		};
/* End PBXResourcesBuildPhase section */

/* Begin PBXShellScriptBuildPhase section */
		A2AF4D8C11247D003B0761D9 /* [CP] Embed Pods Frameworks */ = {
			isa = PBXShellScriptBuildPhase;
			buildActionMask = 2147483647;
			files = (
			);
			inputFileListPaths = (
				"${PODS_ROOT}/Target Support Files/Pods-whatseason/Pods-whatseason-frameworks-${CONFIGURATION}-input-files.xcfilelist",
			);
			name = "[CP] Embed Pods Frameworks";
			outputFileListPaths = (
				"${PODS_ROOT}/Target Support Files/Pods-whatseason/Pods-whatseason-frameworks-${CONFIGURATION}-output-files.xcfilelist",
			);
			runOnlyForDeploymentPostprocessing = 0;
			shellPath = /bin/sh;
			shellScript = "\"${PODS_ROOT}/Target Support Files/Pods-whatseason/Pods-whatseason-frameworks.sh\"\n";
			showEnvVarsInLog = 0;
		};
		D1C2B6F4A00988607507673A /* [CP] Check Pods Manifest.lock */ = {
			isa = PBXShellScriptBuildPhase;
			buildActionMask = 2147483647;
			files = (
			);
			inputFileListPaths = (
			);
			inputPaths = (
				"${PODS_PODFILE_DIR_PATH}/Podfile.lock",
				"${PODS_ROOT}/Manifest.lock",
			);
			name = "[CP] Check Pods Manifest.lock";
			outputFileListPaths = (
			);
			outputPaths = (
				"$(DERIVED_FILE_DIR)/Pods-whatseason-checkManifestLockResult.txt",
			);
			runOnlyForDeploymentPostprocessing = 0;
			shellPath = /bin/sh;
			shellScript = "diff \"${PODS_PODFILE_DIR_PATH}/Podfile.lock\" \"${PODS_ROOT}/Manifest.lock\" > /dev/null\nif [ $? != 0 ] ; then\n    # print error to STDERR\n    echo \"error: The sandbox is not in sync with the Podfile.lock. Run 'pod install' or update your CocoaPods installation.\" >&2\n    exit 1\nfi\n# This output is used by Xcode 'outputs' to avoid re-running this script phase.\necho \"SUCCESS\" > \"${SCRIPT_OUTPUT_FILE_0}\"\n";
			showEnvVarsInLog = 0;
		};
/* End PBXShellScriptBuildPhase section */

/* Begin PBXSourcesBuildPhase section */
		790621C82B4439B700D50F45 /* Sources */ = {
			isa = PBXSourcesBuildPhase;
			buildActionMask = 2147483647;
			files = (
				790621D42B4439B700D50F45 /* ViewController.swift in Sources */,
				790621D02B4439B700D50F45 /* AppDelegate.swift in Sources */,
				790621D22B4439B700D50F45 /* SceneDelegate.swift in Sources */,
			);
			runOnlyForDeploymentPostprocessing = 0;
		};
/* End PBXSourcesBuildPhase section */

/* Begin PBXVariantGroup section */
		790621D52B4439B700D50F45 /* Main.storyboard */ = {
			isa = PBXVariantGroup;
			children = (
				790621D62B4439B700D50F45 /* Base */,
			);
			name = Main.storyboard;
			sourceTree = "<group>";
		};
		790621DA2B4439B800D50F45 /* LaunchScreen.storyboard */ = {
			isa = PBXVariantGroup;
			children = (
				790621DB2B4439B800D50F45 /* Base */,
			);
			name = LaunchScreen.storyboard;
			sourceTree = "<group>";
		};
/* End PBXVariantGroup section */

/* Begin XCBuildConfiguration section */
		790621DE2B4439B800D50F45 /* Debug */ = {
			isa = XCBuildConfiguration;
			buildSettings = {
				ALWAYS_SEARCH_USER_PATHS = NO;
				ASSETCATALOG_COMPILER_GENERATE_SWIFT_ASSET_SYMBOL_EXTENSIONS = YES;
				CLANG_ANALYZER_NONNULL = YES;
				CLANG_ANALYZER_NUMBER_OBJECT_CONVERSION = YES_AGGRESSIVE;
				CLANG_CXX_LANGUAGE_STANDARD = "gnu++20";
				CLANG_ENABLE_MODULES = YES;
				CLANG_ENABLE_OBJC_ARC = YES;
				CLANG_ENABLE_OBJC_WEAK = YES;
				CLANG_WARN_BLOCK_CAPTURE_AUTORELEASING = YES;
				CLANG_WARN_BOOL_CONVERSION = YES;
				CLANG_WARN_COMMA = YES;
				CLANG_WARN_CONSTANT_CONVERSION = YES;
				CLANG_WARN_DEPRECATED_OBJC_IMPLEMENTATIONS = YES;
				CLANG_WARN_DIRECT_OBJC_ISA_USAGE = YES_ERROR;
				CLANG_WARN_DOCUMENTATION_COMMENTS = YES;
				CLANG_WARN_EMPTY_BODY = YES;
				CLANG_WARN_ENUM_CONVERSION = YES;
				CLANG_WARN_INFINITE_RECURSION = YES;
				CLANG_WARN_INT_CONVERSION = YES;
				CLANG_WARN_NON_LITERAL_NULL_CONVERSION = YES;
				CLANG_WARN_OBJC_IMPLICIT_RETAIN_SELF = YES;
				CLANG_WARN_OBJC_LITERAL_CONVERSION = YES;
				CLANG_WARN_OBJC_ROOT_CLASS = YES_ERROR;
				CLANG_WARN_QUOTED_INCLUDE_IN_FRAMEWORK_HEADER = YES;
				CLANG_WARN_RANGE_LOOP_ANALYSIS = YES;
				CLANG_WARN_STRICT_PROTOTYPES = YES;
				CLANG_WARN_SUSPICIOUS_MOVE = YES;
				CLANG_WARN_UNGUARDED_AVAILABILITY = YES_AGGRESSIVE;
				CLANG_WARN_UNREACHABLE_CODE = YES;
				CLANG_WARN__DUPLICATE_METHOD_MATCH = YES;
				COPY_PHASE_STRIP = NO;
				DEBUG_INFORMATION_FORMAT = dwarf;
				ENABLE_STRICT_OBJC_MSGSEND = YES;
				ENABLE_TESTABILITY = YES;
				ENABLE_USER_SCRIPT_SANDBOXING = NO;
				GCC_C_LANGUAGE_STANDARD = gnu17;
				GCC_DYNAMIC_NO_PIC = NO;
				GCC_NO_COMMON_BLOCKS = YES;
				GCC_OPTIMIZATION_LEVEL = 0;
				GCC_PREPROCESSOR_DEFINITIONS = (
					"DEBUG=1",
					"$(inherited)",
				);
				GCC_WARN_64_TO_32_BIT_CONVERSION = YES;
				GCC_WARN_ABOUT_RETURN_TYPE = YES_ERROR;
				GCC_WARN_UNDECLARED_SELECTOR = YES;
				GCC_WARN_UNINITIALIZED_AUTOS = YES_AGGRESSIVE;
				GCC_WARN_UNUSED_FUNCTION = YES;
				GCC_WARN_UNUSED_VARIABLE = YES;
				IPHONEOS_DEPLOYMENT_TARGET = 17.2;
				LOCALIZATION_PREFERS_STRING_CATALOGS = YES;
				MTL_ENABLE_DEBUG_INFO = INCLUDE_SOURCE;
				MTL_FAST_MATH = YES;
				ONLY_ACTIVE_ARCH = YES;
				SDKROOT = iphoneos;
				SWIFT_ACTIVE_COMPILATION_CONDITIONS = "DEBUG $(inherited)";
				SWIFT_OPTIMIZATION_LEVEL = "-Onone";
			};
			name = Debug;
		};
		790621DF2B4439B800D50F45 /* Release */ = {
			isa = XCBuildConfiguration;
			buildSettings = {
				ALWAYS_SEARCH_USER_PATHS = NO;
				ASSETCATALOG_COMPILER_GENERATE_SWIFT_ASSET_SYMBOL_EXTENSIONS = YES;
				CLANG_ANALYZER_NONNULL = YES;
				CLANG_ANALYZER_NUMBER_OBJECT_CONVERSION = YES_AGGRESSIVE;
				CLANG_CXX_LANGUAGE_STANDARD = "gnu++20";
				CLANG_ENABLE_MODULES = YES;
				CLANG_ENABLE_OBJC_ARC = YES;
				CLANG_ENABLE_OBJC_WEAK = YES;
				CLANG_WARN_BLOCK_CAPTURE_AUTORELEASING = YES;
				CLANG_WARN_BOOL_CONVERSION = YES;
				CLANG_WARN_COMMA = YES;
				CLANG_WARN_CONSTANT_CONVERSION = YES;
				CLANG_WARN_DEPRECATED_OBJC_IMPLEMENTATIONS = YES;
				CLANG_WARN_DIRECT_OBJC_ISA_USAGE = YES_ERROR;
				CLANG_WARN_DOCUMENTATION_COMMENTS = YES;
				CLANG_WARN_EMPTY_BODY = YES;
				CLANG_WARN_ENUM_CONVERSION = YES;
				CLANG_WARN_INFINITE_RECURSION = YES;
				CLANG_WARN_INT_CONVERSION = YES;
				CLANG_WARN_NON_LITERAL_NULL_CONVERSION = YES;
				CLANG_WARN_OBJC_IMPLICIT_RETAIN_SELF = YES;
				CLANG_WARN_OBJC_LITERAL_CONVERSION = YES;
				CLANG_WARN_OBJC_ROOT_CLASS = YES_ERROR;
				CLANG_WARN_QUOTED_INCLUDE_IN_FRAMEWORK_HEADER = YES;
				CLANG_WARN_RANGE_LOOP_ANALYSIS = YES;
				CLANG_WARN_STRICT_PROTOTYPES = YES;
				CLANG_WARN_SUSPICIOUS_MOVE = YES;
				CLANG_WARN_UNGUARDED_AVAILABILITY = YES_AGGRESSIVE;
				CLANG_WARN_UNREACHABLE_CODE = YES;
				CLANG_WARN__DUPLICATE_METHOD_MATCH = YES;
				COPY_PHASE_STRIP = NO;
				DEBUG_INFORMATION_FORMAT = "dwarf-with-dsym";
				ENABLE_NS_ASSERTIONS = NO;
				ENABLE_STRICT_OBJC_MSGSEND = YES;
				ENABLE_USER_SCRIPT_SANDBOXING = NO;
				GCC_C_LANGUAGE_STANDARD = gnu17;
				GCC_NO_COMMON_BLOCKS = YES;
				GCC_WARN_64_TO_32_BIT_CONVERSION = YES;
				GCC_WARN_ABOUT_RETURN_TYPE = YES_ERROR;
				GCC_WARN_UNDECLARED_SELECTOR = YES;
				GCC_WARN_UNINITIALIZED_AUTOS = YES_AGGRESSIVE;
				GCC_WARN_UNUSED_FUNCTION = YES;
				GCC_WARN_UNUSED_VARIABLE = YES;
				IPHONEOS_DEPLOYMENT_TARGET = 17.2;
				LOCALIZATION_PREFERS_STRING_CATALOGS = YES;
				MTL_ENABLE_DEBUG_INFO = NO;
				MTL_FAST_MATH = YES;
				SDKROOT = iphoneos;
				SWIFT_COMPILATION_MODE = wholemodule;
				VALIDATE_PRODUCT = YES;
			};
			name = Release;
		};
		790621E12B4439B800D50F45 /* Debug */ = {
			isa = XCBuildConfiguration;
			baseConfigurationReference = A43DBB45C237A1658A8B969A /* Pods-whatseason.debug.xcconfig */;
			buildSettings = {
				ASSETCATALOG_COMPILER_APPICON_NAME = AppIcon;
				ASSETCATALOG_COMPILER_GLOBAL_ACCENT_COLOR_NAME = AccentColor;
				CODE_SIGN_ENTITLEMENTS = whatseason/whatseason.entitlements;
				CODE_SIGN_STYLE = Automatic;
				CURRENT_PROJECT_VERSION = 1;
				DEVELOPMENT_TEAM = 47PZ53ZAF2;
				GENERATE_INFOPLIST_FILE = YES;
				INFOPLIST_FILE = whatseason/Info.plist;
				INFOPLIST_KEY_UIApplicationSupportsIndirectInputEvents = YES;
				INFOPLIST_KEY_UILaunchStoryboardName = LaunchScreen;
				INFOPLIST_KEY_UIMainStoryboardFile = Main;
				INFOPLIST_KEY_UISupportedInterfaceOrientations_iPad = "UIInterfaceOrientationPortrait UIInterfaceOrientationPortraitUpsideDown UIInterfaceOrientationLandscapeLeft UIInterfaceOrientationLandscapeRight";
				INFOPLIST_KEY_UISupportedInterfaceOrientations_iPhone = "UIInterfaceOrientationPortrait UIInterfaceOrientationLandscapeLeft UIInterfaceOrientationLandscapeRight";
				IPHONEOS_DEPLOYMENT_TARGET = 13.0;
				LD_RUNPATH_SEARCH_PATHS = (
					"$(inherited)",
					"@executable_path/Frameworks",
				);
				MARKETING_VERSION = 1.0;
				PRODUCT_BUNDLE_IDENTIFIER = com.namudongs.whatseason;
				PRODUCT_NAME = "$(TARGET_NAME)";
				SWIFT_EMIT_LOC_STRINGS = YES;
				SWIFT_VERSION = 5.0;
				TARGETED_DEVICE_FAMILY = "1,2";
			};
			name = Debug;
		};
		790621E22B4439B800D50F45 /* Release */ = {
			isa = XCBuildConfiguration;
			baseConfigurationReference = 85449F098A689BBE4C404056 /* Pods-whatseason.release.xcconfig */;
			buildSettings = {
				ASSETCATALOG_COMPILER_APPICON_NAME = AppIcon;
				ASSETCATALOG_COMPILER_GLOBAL_ACCENT_COLOR_NAME = AccentColor;
				CODE_SIGN_ENTITLEMENTS = whatseason/whatseason.entitlements;
				CODE_SIGN_STYLE = Automatic;
				CURRENT_PROJECT_VERSION = 1;
				DEVELOPMENT_TEAM = 47PZ53ZAF2;
				GENERATE_INFOPLIST_FILE = YES;
				INFOPLIST_FILE = whatseason/Info.plist;
				INFOPLIST_KEY_UIApplicationSupportsIndirectInputEvents = YES;
				INFOPLIST_KEY_UILaunchStoryboardName = LaunchScreen;
				INFOPLIST_KEY_UIMainStoryboardFile = Main;
				INFOPLIST_KEY_UISupportedInterfaceOrientations_iPad = "UIInterfaceOrientationPortrait UIInterfaceOrientationPortraitUpsideDown UIInterfaceOrientationLandscapeLeft UIInterfaceOrientationLandscapeRight";
				INFOPLIST_KEY_UISupportedInterfaceOrientations_iPhone = "UIInterfaceOrientationPortrait UIInterfaceOrientationLandscapeLeft UIInterfaceOrientationLandscapeRight";
				IPHONEOS_DEPLOYMENT_TARGET = 13.0;
				LD_RUNPATH_SEARCH_PATHS = (
					"$(inherited)",
					"@executable_path/Frameworks",
				);
				MARKETING_VERSION = 1.0;
				PRODUCT_BUNDLE_IDENTIFIER = com.namudongs.whatseason;
				PRODUCT_NAME = "$(TARGET_NAME)";
				SWIFT_EMIT_LOC_STRINGS = YES;
				SWIFT_VERSION = 5.0;
				TARGETED_DEVICE_FAMILY = "1,2";
			};
			name = Release;
		};
/* End XCBuildConfiguration section */

/* Begin XCConfigurationList section */
		790621C72B4439B700D50F45 /* Build configuration list for PBXProject "whatseason" */ = {
			isa = XCConfigurationList;
			buildConfigurations = (
				790621DE2B4439B800D50F45 /* Debug */,
				790621DF2B4439B800D50F45 /* Release */,
			);
			defaultConfigurationIsVisible = 0;
			defaultConfigurationName = Release;
		};
		790621E02B4439B800D50F45 /* Build configuration list for PBXNativeTarget "whatseason" */ = {
			isa = XCConfigurationList;
			buildConfigurations = (
				790621E12B4439B800D50F45 /* Debug */,
				790621E22B4439B800D50F45 /* Release */,
			);
			defaultConfigurationIsVisible = 0;
			defaultConfigurationName = Release;
		};
/* End XCConfigurationList section */
	};
	rootObject = 790621C42B4439B700D50F45 /* Project object */;
}
